
Microsoft Visual Studio Solution File, Format Version 12.00
# Visual Studio 2012
Project("{FAE04EC0-301F-11D3-BF4B-00C04F79EFBC}") = "ServiceTestClient", "ServiceTestClient\ServiceTestClient.csproj", "{1A9C7714-C04D-4F39-81A0-42C81FF6B5E2}"
EndProject
Global
	GlobalSection(SolutionConfigurationPlatforms) = preSolution
		Debug|Any CPU = Debug|Any CPU
		Release|Any CPU = Release|Any CPU
	EndGlobalSection
	GlobalSection(ProjectConfigurationPlatforms) = postSolution
		{1A9C7714-C04D-4F39-81A0-42C81FF6B5E2}.Debug|Any CPU.ActiveCfg = Debug|Any CPU
		{1A9C7714-C04D-4F39-81A0-42C81FF6B5E2}.Debug|Any CPU.Build.0 = Debug|Any CPU
		{1A9C7714-C04D-4F39-81A0-42C81FF6B5E2}.Release|Any CPU.ActiveCfg = Release|Any CPU
		{1A9C7714-C04D-4F39-81A0-42C81FF6B5E2}.Release|Any CPU.Build.0 = Release|Any CPU
	EndGlobalSection
	GlobalSection(SolutionProperties) = preSolution
		HideSolutionNode = FALSE
	EndGlobalSection
EndGlobal
